
Microsoft Visual Studio Solution File, Format Version 12.00
# Visual Studio Version 17
VisualStudioVersion = 17.2.32616.157
MinimumVisualStudioVersion = 10.0.40219.1
Project("{FAE04EC0-301F-11D3-BF4B-00C04F79EFBC}") = "AFS_TRANSLATOR.CORE", "AFS_TRANSLATOR.CORE\AFS_TRANSLATOR.CORE.csproj", "{8D61776F-3F3E-4152-A469-42B3E27C576C}"
EndProject
Project("{FAE04EC0-301F-11D3-BF4B-00C04F79EFBC}") = "AFS_TRANSLATOR.ENTITIES", "AFS_TRANSLATOR.ENTITIES\AFS_TRANSLATOR.ENTITIES.csproj", "{6BC864B2-B957-4712-BF57-1C3C7CD7629F}"
EndProject
Project("{FAE04EC0-301F-11D3-BF4B-00C04F79EFBC}") = "AFS_TRANSLATOR.DAL", "AFS_TRANSLATOR.DAL\AFS_TRANSLATOR.DAL.csproj", "{ED415720-6940-45DE-9FEB-4E07D928D0ED}"
EndProject
Project("{FAE04EC0-301F-11D3-BF4B-00C04F79EFBC}") = "AFS_TRANSLATOR.BLL", "AFS_TRANSLATOR.BLL\AFS_TRANSLATOR.BLL.csproj", "{27A995AE-5FF1-437A-94C1-7997C733447B}"
EndProject
Project("{FAE04EC0-301F-11D3-BF4B-00C04F79EFBC}") = "AFS_TRANSLATOR.DTO", "AFS_TRANSLATOR.DTO\AFS_TRANSLATOR.DTO.csproj", "{741FDD8B-39C0-4AFD-996C-277838AE3D3D}"
EndProject
Project("{FAE04EC0-301F-11D3-BF4B-00C04F79EFBC}") = "AFS_TRANSLATOR.MVC", "AFS_TRANSLATOR.MVC\AFS_TRANSLATOR.MVC.csproj", "{14FDB792-59A6-45C0-8C89-0C10116D17B6}"
EndProject
Global
	GlobalSection(SolutionConfigurationPlatforms) = preSolution
		Debug|Any CPU = Debug|Any CPU
		Release|Any CPU = Release|Any CPU
	EndGlobalSection
	GlobalSection(ProjectConfigurationPlatforms) = postSolution
		{8D61776F-3F3E-4152-A469-42B3E27C576C}.Debug|Any CPU.ActiveCfg = Debug|Any CPU
		{8D61776F-3F3E-4152-A469-42B3E27C576C}.Debug|Any CPU.Build.0 = Debug|Any CPU
		{8D61776F-3F3E-4152-A469-42B3E27C576C}.Release|Any CPU.ActiveCfg = Release|Any CPU
		{8D61776F-3F3E-4152-A469-42B3E27C576C}.Release|Any CPU.Build.0 = Release|Any CPU
		{6BC864B2-B957-4712-BF57-1C3C7CD7629F}.Debug|Any CPU.ActiveCfg = Debug|Any CPU
		{6BC864B2-B957-4712-BF57-1C3C7CD7629F}.Debug|Any CPU.Build.0 = Debug|Any CPU
		{6BC864B2-B957-4712-BF57-1C3C7CD7629F}.Release|Any CPU.ActiveCfg = Release|Any CPU
		{6BC864B2-B957-4712-BF57-1C3C7CD7629F}.Release|Any CPU.Build.0 = Release|Any CPU
		{ED415720-6940-45DE-9FEB-4E07D928D0ED}.Debug|Any CPU.ActiveCfg = Debug|Any CPU
		{ED415720-6940-45DE-9FEB-4E07D928D0ED}.Debug|Any CPU.Build.0 = Debug|Any CPU
		{ED415720-6940-45DE-9FEB-4E07D928D0ED}.Release|Any CPU.ActiveCfg = Release|Any CPU
		{ED415720-6940-45DE-9FEB-4E07D928D0ED}.Release|Any CPU.Build.0 = Release|Any CPU
		{27A995AE-5FF1-437A-94C1-7997C733447B}.Debug|Any CPU.ActiveCfg = Debug|Any CPU
		{27A995AE-5FF1-437A-94C1-7997C733447B}.Debug|Any CPU.Build.0 = Debug|Any CPU
		{27A995AE-5FF1-437A-94C1-7997C733447B}.Release|Any CPU.ActiveCfg = Release|Any CPU
		{27A995AE-5FF1-437A-94C1-7997C733447B}.Release|Any CPU.Build.0 = Release|Any CPU
		{741FDD8B-39C0-4AFD-996C-277838AE3D3D}.Debug|Any CPU.ActiveCfg = Debug|Any CPU
		{741FDD8B-39C0-4AFD-996C-277838AE3D3D}.Debug|Any CPU.Build.0 = Debug|Any CPU
		{741FDD8B-39C0-4AFD-996C-277838AE3D3D}.Release|Any CPU.ActiveCfg = Release|Any CPU
		{741FDD8B-39C0-4AFD-996C-277838AE3D3D}.Release|Any CPU.Build.0 = Release|Any CPU
		{14FDB792-59A6-45C0-8C89-0C10116D17B6}.Debug|Any CPU.ActiveCfg = Debug|Any CPU
		{14FDB792-59A6-45C0-8C89-0C10116D17B6}.Debug|Any CPU.Build.0 = Debug|Any CPU
		{14FDB792-59A6-45C0-8C89-0C10116D17B6}.Release|Any CPU.ActiveCfg = Release|Any CPU
		{14FDB792-59A6-45C0-8C89-0C10116D17B6}.Release|Any CPU.Build.0 = Release|Any CPU
	EndGlobalSection
	GlobalSection(SolutionProperties) = preSolution
		HideSolutionNode = FALSE
	EndGlobalSection
	GlobalSection(ExtensibilityGlobals) = postSolution
		SolutionGuid = {5AA66098-EC0D-4E5B-A003-20801C7929C7}
	EndGlobalSection
EndGlobal
